// !$*UTF8*$!
{
	archiveVersion = 1;
	classes = {
	};
	objectVersion = 46;
	objects = {

/* Begin PBXBuildFile section */
		57A459071B991CEA00BC6BF8 /* AppDelegate.swift in Sources */ = {isa = PBXBuildFile; fileRef = 57A459061B991CEA00BC6BF8 /* AppDelegate.swift */; };
		57A459091B991CEA00BC6BF8 /* ViewController.swift in Sources */ = {isa = PBXBuildFile; fileRef = 57A459081B991CEA00BC6BF8 /* ViewController.swift */; };
		57A4590C1B991CEA00BC6BF8 /* Main.storyboard in Resources */ = {isa = PBXBuildFile; fileRef = 57A4590A1B991CEA00BC6BF8 /* Main.storyboard */; };
		57A4590E1B991CEA00BC6BF8 /* Images.xcassets in Resources */ = {isa = PBXBuildFile; fileRef = 57A4590D1B991CEA00BC6BF8 /* Images.xcassets */; };
		57A459111B991CEA00BC6BF8 /* LaunchScreen.xib in Resources */ = {isa = PBXBuildFile; fileRef = 57A4590F1B991CEA00BC6BF8 /* LaunchScreen.xib */; };
		57A4591D1B991CEA00BC6BF8 /* RepoLocalTests.swift in Sources */ = {isa = PBXBuildFile; fileRef = 57A4591C1B991CEA00BC6BF8 /* RepoLocalTests.swift */; };
/* End PBXBuildFile section */

/* Begin PBXContainerItemProxy section */
		57A459171B991CEA00BC6BF8 /* PBXContainerItemProxy */ = {
			isa = PBXContainerItemProxy;
			containerPortal = 57A458F91B991CEA00BC6BF8 /* Project object */;
			proxyType = 1;
			remoteGlobalIDString = 57A459001B991CEA00BC6BF8;
			remoteInfo = RepoLocal;
		};
/* End PBXContainerItemProxy section */

/* Begin PBXFileReference section */
		57A459011B991CEA00BC6BF8 /* RepoLocal.app */ = {isa = PBXFileReference; explicitFileType = wrapper.application; includeInIndex = 0; path = RepoLocal.app; sourceTree = BUILT_PRODUCTS_DIR; };
		57A459051B991CEA00BC6BF8 /* Info.plist */ = {isa = PBXFileReference; lastKnownFileType = text.plist.xml; path = Info.plist; sourceTree = "<group>"; };
		57A459061B991CEA00BC6BF8 /* AppDelegate.swift */ = {isa = PBXFileReference; lastKnownFileType = sourcecode.swift; path = AppDelegate.swift; sourceTree = "<group>"; };
		57A459081B991CEA00BC6BF8 /* ViewController.swift */ = {isa = PBXFileReference; lastKnownFileType = sourcecode.swift; path = ViewController.swift; sourceTree = "<group>"; };
		57A4590B1B991CEA00BC6BF8 /* Base */ = {isa = PBXFileReference; lastKnownFileType = file.storyboard; name = Base; path = Base.lproj/Main.storyboard; sourceTree = "<group>"; };
		57A4590D1B991CEA00BC6BF8 /* Images.xcassets */ = {isa = PBXFileReference; lastKnownFileType = folder.assetcatalog; path = Images.xcassets; sourceTree = "<group>"; };
		57A459101B991CEA00BC6BF8 /* Base */ = {isa = PBXFileReference; lastKnownFileType = file.xib; name = Base; path = Base.lproj/LaunchScreen.xib; sourceTree = "<group>"; };
		57A459161B991CEA00BC6BF8 /* RepoLocalTests.xctest */ = {isa = PBXFileReference; explicitFileType = wrapper.cfbundle; includeInIndex = 0; path = RepoLocalTests.xctest; sourceTree = BUILT_PRODUCTS_DIR; };
		57A4591B1B991CEA00BC6BF8 /* Info.plist */ = {isa = PBXFileReference; lastKnownFileType = text.plist.xml; path = Info.plist; sourceTree = "<group>"; };
		57A4591C1B991CEA00BC6BF8 /* RepoLocalTests.swift */ = {isa = PBXFileReference; lastKnownFileType = sourcecode.swift; path = RepoLocalTests.swift; sourceTree = "<group>"; };
/* End PBXFileReference section */

/* Begin PBXFrameworksBuildPhase section */
		57A458FE1B991CEA00BC6BF8 /* Frameworks */ = {
			isa = PBXFrameworksBuildPhase;
			buildActionMask = 2147483647;
			files = (
			);
			runOnlyForDeploymentPostprocessing = 0;
		};
		57A459131B991CEA00BC6BF8 /* Frameworks */ = {
			isa = PBXFrameworksBuildPhase;
			buildActionMask = 2147483647;
			files = (
			);
			runOnlyForDeploymentPostprocessing = 0;
		};
/* End PBXFrameworksBuildPhase section */

/* Begin PBXGroup section */
		57A458F81B991CEA00BC6BF8 = {
			isa = PBXGroup;
			children = (
				57A459031B991CEA00BC6BF8 /* RepoLocal */,
				57A459191B991CEA00BC6BF8 /* RepoLocalTests */,
				57A459021B991CEA00BC6BF8 /* Products */,
			);
			sourceTree = "<group>";
		};
		57A459021B991CEA00BC6BF8 /* Products */ = {
			isa = PBXGroup;
			children = (
				57A459011B991CEA00BC6BF8 /* RepoLocal.app */,
				57A459161B991CEA00BC6BF8 /* RepoLocalTests.xctest */,
			);
			name = Products;
			sourceTree = "<group>";
		};
		57A459031B991CEA00BC6BF8 /* RepoLocal */ = {
			isa = PBXGroup;
			children = (
				57A459061B991CEA00BC6BF8 /* AppDelegate.swift */,
				57A459081B991CEA00BC6BF8 /* ViewController.swift */,
				57A4590A1B991CEA00BC6BF8 /* Main.storyboard */,
				57A4590D1B991CEA00BC6BF8 /* Images.xcassets */,
				57A4590F1B991CEA00BC6BF8 /* LaunchScreen.xib */,
				57A459041B991CEA00BC6BF8 /* Supporting Files */,
			);
			path = RepoLocal;
			sourceTree = "<group>";
		};
		57A459041B991CEA00BC6BF8 /* Supporting Files */ = {
			isa = PBXGroup;
			children = (
				57A459051B991CEA00BC6BF8 /* Info.plist */,
			);
			name = "Supporting Files";
			sourceTree = "<group>";
		};
		57A459191B991CEA00BC6BF8 /* RepoLocalTests */ = {
			isa = PBXGroup;
			children = (
				57A4591C1B991CEA00BC6BF8 /* RepoLocalTests.swift */,
				57A4591A1B991CEA00BC6BF8 /* Supporting Files */,
			);
			path = RepoLocalTests;
			sourceTree = "<group>";
		};
		57A4591A1B991CEA00BC6BF8 /* Supporting Files */ = {
			isa = PBXGroup;
			children = (
				57A4591B1B991CEA00BC6BF8 /* Info.plist */,
			);
			name = "Supporting Files";
			sourceTree = "<group>";
		};
/* End PBXGroup section */

/* Begin PBXNativeTarget section */
		57A459001B991CEA00BC6BF8 /* RepoLocal */ = {
			isa = PBXNativeTarget;
			buildConfigurationList = 57A459201B991CEA00BC6BF8 /* Build configuration list for PBXNativeTarget "RepoLocal" */;
			buildPhases = (
				57A458FD1B991CEA00BC6BF8 /* Sources */,
				57A458FE1B991CEA00BC6BF8 /* Frameworks */,
				57A458FF1B991CEA00BC6BF8 /* Resources */,
			);
			buildRules = (
			);
			dependencies = (
			);
			name = RepoLocal;
			productName = RepoLocal;
			productReference = 57A459011B991CEA00BC6BF8 /* RepoLocal.app */;
			productType = "com.apple.product-type.application";
		};
		57A459151B991CEA00BC6BF8 /* RepoLocalTests */ = {
			isa = PBXNativeTarget;
			buildConfigurationList = 57A459231B991CEA00BC6BF8 /* Build configuration list for PBXNativeTarget "RepoLocalTests" */;
			buildPhases = (
				57A459121B991CEA00BC6BF8 /* Sources */,
				57A459131B991CEA00BC6BF8 /* Frameworks */,
				57A459141B991CEA00BC6BF8 /* Resources */,
			);
			buildRules = (
			);
			dependencies = (
				57A459181B991CEA00BC6BF8 /* PBXTargetDependency */,
			);
			name = RepoLocalTests;
			productName = RepoLocalTests;
			productReference = 57A459161B991CEA00BC6BF8 /* RepoLocalTests.xctest */;
			productType = "com.apple.product-type.bundle.unit-test";
		};
/* End PBXNativeTarget section */

/* Begin PBXProject section */
		57A458F91B991CEA00BC6BF8 /* Project object */ = {
			isa = PBXProject;
			attributes = {
				LastUpgradeCheck = 0640;
				ORGANIZATIONNAME = code3e;
				TargetAttributes = {
					57A459001B991CEA00BC6BF8 = {
						CreatedOnToolsVersion = 6.4;
					};
					57A459151B991CEA00BC6BF8 = {
						CreatedOnToolsVersion = 6.4;
						TestTargetID = 57A459001B991CEA00BC6BF8;
					};
				};
			};
			buildConfigurationList = 57A458FC1B991CEA00BC6BF8 /* Build configuration list for PBXProject "RepoLocal" */;
			compatibilityVersion = "Xcode 3.2";
			developmentRegion = English;
			hasScannedForEncodings = 0;
			knownRegions = (
				en,
				Base,
			);
			mainGroup = 57A458F81B991CEA00BC6BF8;
			productRefGroup = 57A459021B991CEA00BC6BF8 /* Products */;
			projectDirPath = "";
			projectRoot = "";
			targets = (
				57A459001B991CEA00BC6BF8 /* RepoLocal */,
				57A459151B991CEA00BC6BF8 /* RepoLocalTests */,
			);
		};
/* End PBXProject section */

/* Begin PBXResourcesBuildPhase section */
		57A458FF1B991CEA00BC6BF8 /* Resources */ = {
			isa = PBXResourcesBuildPhase;
			buildActionMask = 2147483647;
			files = (
				57A4590C1B991CEA00BC6BF8 /* Main.storyboard in Resources */,
				57A459111B991CEA00BC6BF8 /* LaunchScreen.xib in Resources */,
				57A4590E1B991CEA00BC6BF8 /* Images.xcassets in Resources */,
			);
			runOnlyForDeploymentPostprocessing = 0;
		};
		57A459141B991CEA00BC6BF8 /* Resources */ = {
			isa = PBXResourcesBuildPhase;
			buildActionMask = 2147483647;
			files = (
			);
			runOnlyForDeploymentPostprocessing = 0;
		};
/* End PBXResourcesBuildPhase section */

/* Begin PBXSourcesBuildPhase section */
		57A458FD1B991CEA00BC6BF8 /* Sources */ = {
			isa = PBXSourcesBuildPhase;
			buildActionMask = 2147483647;
			files = (
				57A459091B991CEA00BC6BF8 /* ViewController.swift in Sources */,
				57A459071B991CEA00BC6BF8 /* AppDelegate.swift in Sources */,
			);
			runOnlyForDeploymentPostprocessing = 0;
		};
		57A459121B991CEA00BC6BF8 /* Sources */ = {
			isa = PBXSourcesBuildPhase;
			buildActionMask = 2147483647;
			files = (
				57A4591D1B991CEA00BC6BF8 /* RepoLocalTests.swift in Sources */,
			);
			runOnlyForDeploymentPostprocessing = 0;
		};
/* End PBXSourcesBuildPhase section */

/* Begin PBXTargetDependency section */
		57A459181B991CEA00BC6BF8 /* PBXTargetDependency */ = {
			isa = PBXTargetDependency;
			target = 57A459001B991CEA00BC6BF8 /* RepoLocal */;
			targetProxy = 57A459171B991CEA00BC6BF8 /* PBXContainerItemProxy */;
		};
/* End PBXTargetDependency section */

/* Begin PBXVariantGroup section */
		57A4590A1B991CEA00BC6BF8 /* Main.storyboard */ = {
			isa = PBXVariantGroup;
			children = (
				57A4590B1B991CEA00BC6BF8 /* Base */,
			);
			name = Main.storyboard;
			sourceTree = "<group>";
		};
		57A4590F1B991CEA00BC6BF8 /* LaunchScreen.xib */ = {
			isa = PBXVariantGroup;
			children = (
				57A459101B991CEA00BC6BF8 /* Base */,
			);
			name = LaunchScreen.xib;
			sourceTree = "<group>";
		};
/* End PBXVariantGroup section */

/* Begin XCBuildConfiguration section */
		57A4591E1B991CEA00BC6BF8 /* Debug */ = {
			isa = XCBuildConfiguration;
			buildSettings = {
				ALWAYS_SEARCH_USER_PATHS = NO;
				CLANG_CXX_LANGUAGE_STANDARD = "gnu++0x";
				CLANG_CXX_LIBRARY = "libc++";
				CLANG_ENABLE_MODULES = YES;
				CLANG_ENABLE_OBJC_ARC = YES;
				CLANG_WARN_BOOL_CONVERSION = YES;
				CLANG_WARN_CONSTANT_CONVERSION = YES;
				CLANG_WARN_DIRECT_OBJC_ISA_USAGE = YES_ERROR;
				CLANG_WARN_EMPTY_BODY = YES;
				CLANG_WARN_ENUM_CONVERSION = YES;
				CLANG_WARN_INT_CONVERSION = YES;
				CLANG_WARN_OBJC_ROOT_CLASS = YES_ERROR;
				CLANG_WARN_UNREACHABLE_CODE = YES;
				CLANG_WARN__DUPLICATE_METHOD_MATCH = YES;
				"CODE_SIGN_IDENTITY[sdk=iphoneos*]" = "iPhone Developer";
				COPY_PHASE_STRIP = NO;
				DEBUG_INFORMATION_FORMAT = "dwarf-with-dsym";
				ENABLE_STRICT_OBJC_MSGSEND = YES;
				GCC_C_LANGUAGE_STANDARD = gnu99;
				GCC_DYNAMIC_NO_PIC = NO;
				GCC_NO_COMMON_BLOCKS = YES;
				GCC_OPTIMIZATION_LEVEL = 0;
				GCC_PREPROCESSOR_DEFINITIONS = (
					"DEBUG=1",
					"$(inherited)",
				);
				GCC_SYMBOLS_PRIVATE_EXTERN = NO;
				GCC_WARN_64_TO_32_BIT_CONVERSION = YES;
				GCC_WARN_ABOUT_RETURN_TYPE = YES_ERROR;
				GCC_WARN_UNDECLARED_SELECTOR = YES;
				GCC_WARN_UNINITIALIZED_AUTOS = YES_AGGRESSIVE;
				GCC_WARN_UNUSED_FUNCTION = YES;
				GCC_WARN_UNUSED_VARIABLE = YES;
				IPHONEOS_DEPLOYMENT_TARGET = 8.4;
				MTL_ENABLE_DEBUG_INFO = YES;
				ONLY_ACTIVE_ARCH = YES;
				SDKROOT = iphoneos;
				SWIFT_OPTIMIZATION_LEVEL = "-Onone";
				TARGETED_DEVICE_FAMILY = 2;
			};
			name = Debug;
		};
		57A4591F1B991CEA00BC6BF8 /* Release */ = {
			isa = XCBuildConfiguration;
			buildSettings = {
				ALWAYS_SEARCH_USER_PATHS = NO;
				CLANG_CXX_LANGUAGE_STANDARD = "gnu++0x";
				CLANG_CXX_LIBRARY = "libc++";
				CLANG_ENABLE_MODULES = YES;
				CLANG_ENABLE_OBJC_ARC = YES;
				CLANG_WARN_BOOL_CONVERSION = YES;
				CLANG_WARN_CONSTANT_CONVERSION = YES;
				CLANG_WARN_DIRECT_OBJC_ISA_USAGE = YES_ERROR;
				CLANG_WARN_EMPTY_BODY = YES;
				CLANG_WARN_ENUM_CONVERSION = YES;
				CLANG_WARN_INT_CONVERSION = YES;
				CLANG_WARN_OBJC_ROOT_CLASS = YES_ERROR;
				CLANG_WARN_UNREACHABLE_CODE = YES;
				CLANG_WARN__DUPLICATE_METHOD_MATCH = YES;
				"CODE_SIGN_IDENTITY[sdk=iphoneos*]" = "iPhone Developer";
				COPY_PHASE_STRIP = NO;
				DEBUG_INFORMATION_FORMAT = "dwarf-with-dsym";
				ENABLE_NS_ASSERTIONS = NO;
				ENABLE_STRICT_OBJC_MSGSEND = YES;
				GCC_C_LANGUAGE_STANDARD = gnu99;
				GCC_NO_COMMON_BLOCKS = YES;
				GCC_WARN_64_TO_32_BIT_CONVERSION = YES;
				GCC_WARN_ABOUT_RETURN_TYPE = YES_ERROR;
				GCC_WARN_UNDECLARED_SELECTOR = YES;
				GCC_WARN_UNINITIALIZED_AUTOS = YES_AGGRESSIVE;
				GCC_WARN_UNUSED_FUNCTION = YES;
				GCC_WARN_UNUSED_VARIABLE = YES;
				IPHONEOS_DEPLOYMENT_TARGET = 8.4;
				MTL_ENABLE_DEBUG_INFO = NO;
				SDKROOT = iphoneos;
				TARGETED_DEVICE_FAMILY = 2;
				VALIDATE_PRODUCT = YES;
			};
			name = Release;
		};
		57A459211B991CEA00BC6BF8 /* Debug */ = {
			isa = XCBuildConfiguration;
			buildSettings = {
				ASSETCATALOG_COMPILER_APPICON_NAME = AppIcon;
				INFOPLIST_FILE = RepoLocal/Info.plist;
				LD_RUNPATH_SEARCH_PATHS = "$(inherited) @executable_path/Frameworks";
				PRODUCT_NAME = "$(TARGET_NAME)";
			};
			name = Debug;
		};
		57A459221B991CEA00BC6BF8 /* Release */ = {
			isa = XCBuildConfiguration;
			buildSettings = {
				ASSETCATALOG_COMPILER_APPICON_NAME = AppIcon;
				INFOPLIST_FILE = RepoLocal/Info.plist;
				LD_RUNPATH_SEARCH_PATHS = "$(inherited) @executable_path/Frameworks";
				PRODUCT_NAME = "$(TARGET_NAME)";
			};
			name = Release;
		};
		57A459241B991CEA00BC6BF8 /* Debug */ = {
			isa = XCBuildConfiguration;
			buildSettings = {
				BUNDLE_LOADER = "$(TEST_HOST)";
				FRAMEWORK_SEARCH_PATHS = (
					"$(SDKROOT)/Developer/Library/Frameworks",
					"$(inherited)",
				);
				GCC_PREPROCESSOR_DEFINITIONS = (
					"DEBUG=1",
					"$(inherited)",
				);
				INFOPLIST_FILE = RepoLocalTests/Info.plist;
				LD_RUNPATH_SEARCH_PATHS = "$(inherited) @executable_path/Frameworks @loader_path/Frameworks";
				PRODUCT_NAME = "$(TARGET_NAME)";
				TEST_HOST = "$(BUILT_PRODUCTS_DIR)/RepoLocal.app/RepoLocal";
			};
			name = Debug;
		};
		57A459251B991CEA00BC6BF8 /* Release */ = {
			isa = XCBuildConfiguration;
			buildSettings = {
				BUNDLE_LOADER = "$(TEST_HOST)";
				FRAMEWORK_SEARCH_PATHS = (
					"$(SDKROOT)/Developer/Library/Frameworks",
					"$(inherited)",
				);
				INFOPLIST_FILE = RepoLocalTests/Info.plist;
				LD_RUNPATH_SEARCH_PATHS = "$(inherited) @executable_path/Frameworks @loader_path/Frameworks";
				PRODUCT_NAME = "$(TARGET_NAME)";
				TEST_HOST = "$(BUILT_PRODUCTS_DIR)/RepoLocal.app/RepoLocal";
			};
			name = Release;
		};
/* End XCBuildConfiguration section */

/* Begin XCConfigurationList section */
		57A458FC1B991CEA00BC6BF8 /* Build configuration list for PBXProject "RepoLocal" */ = {
			isa = XCConfigurationList;
			buildConfigurations = (
				57A4591E1B991CEA00BC6BF8 /* Debug */,
				57A4591F1B991CEA00BC6BF8 /* Release */,
			);
			defaultConfigurationIsVisible = 0;
			defaultConfigurationName = Release;
		};
		57A459201B991CEA00BC6BF8 /* Build configuration list for PBXNativeTarget "RepoLocal" */ = {
			isa = XCConfigurationList;
			buildConfigurations = (
				57A459211B991CEA00BC6BF8 /* Debug */,
				57A459221B991CEA00BC6BF8 /* Release */,
			);
			defaultConfigurationIsVisible = 0;
		};
		57A459231B991CEA00BC6BF8 /* Build configuration list for PBXNativeTarget "RepoLocalTests" */ = {
			isa = XCConfigurationList;
			buildConfigurations = (
				57A459241B991CEA00BC6BF8 /* Debug */,
				57A459251B991CEA00BC6BF8 /* Release */,
			);
			defaultConfigurationIsVisible = 0;
		};
/* End XCConfigurationList section */
	};
	rootObject = 57A458F91B991CEA00BC6BF8 /* Project object */;
}
